// !$*UTF8*$!
{
	archiveVersion = 1;
	classes = {
	};
	objectVersion = 56;
	objects = {

/* Begin PBXBuildFile section */
		3014C7092B7A76AE00038BC6 /* Assets.xcassets in Resources */ = {isa = PBXBuildFile; fileRef = 3014C7082B7A76AE00038BC6 /* Assets.xcassets */; };
		3014C70F2B7A76AE00038BC6 /* SpeedPoll MessagesExtension.appex in Embed Foundation Extensions */ = {isa = PBXBuildFile; fileRef = 3014C70E2B7A76AE00038BC6 /* SpeedPoll MessagesExtension.appex */; settings = {ATTRIBUTES = (RemoveHeadersOnCopy, ); }; };
		3014C7142B7A76AE00038BC6 /* Messages.framework in Frameworks */ = {isa = PBXBuildFile; fileRef = 3014C7132B7A76AE00038BC6 /* Messages.framework */; };
		3014C7172B7A76AE00038BC6 /* MessagesViewController.swift in Sources */ = {isa = PBXBuildFile; fileRef = 3014C7162B7A76AE00038BC6 /* MessagesViewController.swift */; };
		3014C71A2B7A76AE00038BC6 /* MainInterface.storyboard in Resources */ = {isa = PBXBuildFile; fileRef = 3014C7182B7A76AE00038BC6 /* MainInterface.storyboard */; };
		3014C71C2B7A76AF00038BC6 /* Assets.xcassets in Resources */ = {isa = PBXBuildFile; fileRef = 3014C71B2B7A76AF00038BC6 /* Assets.xcassets */; };
/* End PBXBuildFile section */

/* Begin PBXContainerItemProxy section */
		3014C7102B7A76AE00038BC6 /* PBXContainerItemProxy */ = {
			isa = PBXContainerItemProxy;
			containerPortal = 3014C6FF2B7A76AC00038BC6 /* Project object */;
			proxyType = 1;
			remoteGlobalIDString = 3014C70D2B7A76AE00038BC6;
			remoteInfo = "SpeedPoll MessagesExtension";
		};
/* End PBXContainerItemProxy section */

/* Begin PBXCopyFilesBuildPhase section */
		3014C7232B7A76AF00038BC6 /* Embed Foundation Extensions */ = {
			isa = PBXCopyFilesBuildPhase;
			buildActionMask = 2147483647;
			dstPath = "";
			dstSubfolderSpec = 13;
			files = (
				3014C70F2B7A76AE00038BC6 /* SpeedPoll MessagesExtension.appex in Embed Foundation Extensions */,
			);
			name = "Embed Foundation Extensions";
			runOnlyForDeploymentPostprocessing = 0;
		};
/* End PBXCopyFilesBuildPhase section */

/* Begin PBXFileReference section */
		3014C7052B7A76AC00038BC6 /* SpeedPoll.app */ = {isa = PBXFileReference; explicitFileType = wrapper.application; includeInIndex = 0; path = SpeedPoll.app; sourceTree = BUILT_PRODUCTS_DIR; };
		3014C7082B7A76AE00038BC6 /* Assets.xcassets */ = {isa = PBXFileReference; lastKnownFileType = folder.assetcatalog; path = Assets.xcassets; sourceTree = "<group>"; };
		3014C70E2B7A76AE00038BC6 /* SpeedPoll MessagesExtension.appex */ = {isa = PBXFileReference; explicitFileType = "wrapper.app-extension"; includeInIndex = 0; path = "SpeedPoll MessagesExtension.appex"; sourceTree = BUILT_PRODUCTS_DIR; };
		3014C7132B7A76AE00038BC6 /* Messages.framework */ = {isa = PBXFileReference; lastKnownFileType = wrapper.framework; name = Messages.framework; path = System/Library/Frameworks/Messages.framework; sourceTree = SDKROOT; };
		3014C7162B7A76AE00038BC6 /* MessagesViewController.swift */ = {isa = PBXFileReference; lastKnownFileType = sourcecode.swift; path = MessagesViewController.swift; sourceTree = "<group>"; };
		3014C7192B7A76AE00038BC6 /* Base */ = {isa = PBXFileReference; lastKnownFileType = file.storyboard; name = Base; path = Base.lproj/MainInterface.storyboard; sourceTree = "<group>"; };
		3014C71B2B7A76AF00038BC6 /* Assets.xcassets */ = {isa = PBXFileReference; lastKnownFileType = folder.assetcatalog; path = Assets.xcassets; sourceTree = "<group>"; };
		3014C71D2B7A76AF00038BC6 /* Info.plist */ = {isa = PBXFileReference; lastKnownFileType = text.plist.xml; path = Info.plist; sourceTree = "<group>"; };
/* End PBXFileReference section */

/* Begin PBXFrameworksBuildPhase section */
		3014C70B2B7A76AE00038BC6 /* Frameworks */ = {
			isa = PBXFrameworksBuildPhase;
			buildActionMask = 2147483647;
			files = (
				3014C7142B7A76AE00038BC6 /* Messages.framework in Frameworks */,
			);
			runOnlyForDeploymentPostprocessing = 0;
		};
/* End PBXFrameworksBuildPhase section */

/* Begin PBXGroup section */
		3014C6FE2B7A76AC00038BC6 = {
			isa = PBXGroup;
			children = (
				3014C7072B7A76AC00038BC6 /* SpeedPoll */,
				3014C7152B7A76AE00038BC6 /* SpeedPoll MessagesExtension */,
				3014C7122B7A76AE00038BC6 /* Frameworks */,
				3014C7062B7A76AC00038BC6 /* Products */,
			);
			sourceTree = "<group>";
		};
		3014C7062B7A76AC00038BC6 /* Products */ = {
			isa = PBXGroup;
			children = (
				3014C7052B7A76AC00038BC6 /* SpeedPoll.app */,
				3014C70E2B7A76AE00038BC6 /* SpeedPoll MessagesExtension.appex */,
			);
			name = Products;
			sourceTree = "<group>";
		};
		3014C7072B7A76AC00038BC6 /* SpeedPoll */ = {
			isa = PBXGroup;
			children = (
				3014C7082B7A76AE00038BC6 /* Assets.xcassets */,
			);
			path = SpeedPoll;
			sourceTree = "<group>";
		};
		3014C7122B7A76AE00038BC6 /* Frameworks */ = {
			isa = PBXGroup;
			children = (
				3014C7132B7A76AE00038BC6 /* Messages.framework */,
			);
			name = Frameworks;
			sourceTree = "<group>";
		};
		3014C7152B7A76AE00038BC6 /* SpeedPoll MessagesExtension */ = {
			isa = PBXGroup;
			children = (
				3014C7162B7A76AE00038BC6 /* MessagesViewController.swift */,
				3014C7182B7A76AE00038BC6 /* MainInterface.storyboard */,
				3014C71B2B7A76AF00038BC6 /* Assets.xcassets */,
				3014C71D2B7A76AF00038BC6 /* Info.plist */,
			);
			path = "SpeedPoll MessagesExtension";
			sourceTree = "<group>";
		};
/* End PBXGroup section */

/* Begin PBXNativeTarget section */
		3014C7042B7A76AC00038BC6 /* SpeedPoll */ = {
			isa = PBXNativeTarget;
			buildConfigurationList = 3014C7242B7A76AF00038BC6 /* Build configuration list for PBXNativeTarget "SpeedPoll" */;
			buildPhases = (
				3014C7032B7A76AC00038BC6 /* Resources */,
				3014C7232B7A76AF00038BC6 /* Embed Foundation Extensions */,
			);
			buildRules = (
			);
			dependencies = (
				3014C7112B7A76AE00038BC6 /* PBXTargetDependency */,
			);
			name = SpeedPoll;
			productName = SpeedPoll;
			productReference = 3014C7052B7A76AC00038BC6 /* SpeedPoll.app */;
			productType = "com.apple.product-type.application.messages";
		};
		3014C70D2B7A76AE00038BC6 /* SpeedPoll MessagesExtension */ = {
			isa = PBXNativeTarget;
			buildConfigurationList = 3014C7202B7A76AF00038BC6 /* Build configuration list for PBXNativeTarget "SpeedPoll MessagesExtension" */;
			buildPhases = (
				3014C70A2B7A76AE00038BC6 /* Sources */,
				3014C70B2B7A76AE00038BC6 /* Frameworks */,
				3014C70C2B7A76AE00038BC6 /* Resources */,
			);
			buildRules = (
			);
			dependencies = (
			);
			name = "SpeedPoll MessagesExtension";
			productName = "SpeedPoll MessagesExtension";
			productReference = 3014C70E2B7A76AE00038BC6 /* SpeedPoll MessagesExtension.appex */;
			productType = "com.apple.product-type.app-extension.messages";
		};
/* End PBXNativeTarget section */

/* Begin PBXProject section */
		3014C6FF2B7A76AC00038BC6 /* Project object */ = {
			isa = PBXProject;
			attributes = {
				BuildIndependentTargetsInParallel = 1;
				LastSwiftUpdateCheck = 1520;
				LastUpgradeCheck = 1520;
				TargetAttributes = {
					3014C7042B7A76AC00038BC6 = {
						CreatedOnToolsVersion = 15.2;
					};
					3014C70D2B7A76AE00038BC6 = {
						CreatedOnToolsVersion = 15.2;
					};
				};
			};
			buildConfigurationList = 3014C7022B7A76AC00038BC6 /* Build configuration list for PBXProject "SpeedPoll" */;
			compatibilityVersion = "Xcode 14.0";
			developmentRegion = en;
			hasScannedForEncodings = 0;
			knownRegions = (
				en,
				Base,
			);
			mainGroup = 3014C6FE2B7A76AC00038BC6;
			productRefGroup = 3014C7062B7A76AC00038BC6 /* Products */;
			projectDirPath = "";
			projectRoot = "";
			targets = (
				3014C7042B7A76AC00038BC6 /* SpeedPoll */,
				3014C70D2B7A76AE00038BC6 /* SpeedPoll MessagesExtension */,
			);
		};
/* End PBXProject section */

/* Begin PBXResourcesBuildPhase section */
		3014C7032B7A76AC00038BC6 /* Resources */ = {
			isa = PBXResourcesBuildPhase;
			buildActionMask = 2147483647;
			files = (
				3014C7092B7A76AE00038BC6 /* Assets.xcassets in Resources */,
			);
			runOnlyForDeploymentPostprocessing = 0;
		};
		3014C70C2B7A76AE00038BC6 /* Resources */ = {
			isa = PBXResourcesBuildPhase;
			buildActionMask = 2147483647;
			files = (
				3014C71C2B7A76AF00038BC6 /* Assets.xcassets in Resources */,
				3014C71A2B7A76AE00038BC6 /* MainInterface.storyboard in Resources */,
			);
			runOnlyForDeploymentPostprocessing = 0;
		};
/* End PBXResourcesBuildPhase section */

/* Begin PBXSourcesBuildPhase section */
		3014C70A2B7A76AE00038BC6 /* Sources */ = {
			isa = PBXSourcesBuildPhase;
			buildActionMask = 2147483647;
			files = (
				3014C7172B7A76AE00038BC6 /* MessagesViewController.swift in Sources */,
			);
			runOnlyForDeploymentPostprocessing = 0;
		};
/* End PBXSourcesBuildPhase section */

/* Begin PBXTargetDependency section */
		3014C7112B7A76AE00038BC6 /* PBXTargetDependency */ = {
			isa = PBXTargetDependency;
			target = 3014C70D2B7A76AE00038BC6 /* SpeedPoll MessagesExtension */;
			targetProxy = 3014C7102B7A76AE00038BC6 /* PBXContainerItemProxy */;
		};
/* End PBXTargetDependency section */

/* Begin PBXVariantGroup section */
		3014C7182B7A76AE00038BC6 /* MainInterface.storyboard */ = {
			isa = PBXVariantGroup;
			children = (
				3014C7192B7A76AE00038BC6 /* Base */,
			);
			name = MainInterface.storyboard;
			sourceTree = "<group>";
		};
/* End PBXVariantGroup section */

/* Begin XCBuildConfiguration section */
		3014C71E2B7A76AF00038BC6 /* Debug */ = {
			isa = XCBuildConfiguration;
			buildSettings = {
				ALWAYS_SEARCH_USER_PATHS = NO;
				ASSETCATALOG_COMPILER_GENERATE_SWIFT_ASSET_SYMBOL_EXTENSIONS = YES;
				CLANG_ANALYZER_NONNULL = YES;
				CLANG_ANALYZER_NUMBER_OBJECT_CONVERSION = YES_AGGRESSIVE;
				CLANG_CXX_LANGUAGE_STANDARD = "gnu++20";
				CLANG_ENABLE_MODULES = YES;
				CLANG_ENABLE_OBJC_ARC = YES;
				CLANG_ENABLE_OBJC_WEAK = YES;
				CLANG_WARN_BLOCK_CAPTURE_AUTORELEASING = YES;
				CLANG_WARN_BOOL_CONVERSION = YES;
				CLANG_WARN_COMMA = YES;
				CLANG_WARN_CONSTANT_CONVERSION = YES;
				CLANG_WARN_DEPRECATED_OBJC_IMPLEMENTATIONS = YES;
				CLANG_WARN_DIRECT_OBJC_ISA_USAGE = YES_ERROR;
				CLANG_WARN_DOCUMENTATION_COMMENTS = YES;
				CLANG_WARN_EMPTY_BODY = YES;
				CLANG_WARN_ENUM_CONVERSION = YES;
				CLANG_WARN_INFINITE_RECURSION = YES;
				CLANG_WARN_INT_CONVERSION = YES;
				CLANG_WARN_NON_LITERAL_NULL_CONVERSION = YES;
				CLANG_WARN_OBJC_IMPLICIT_RETAIN_SELF = YES;
				CLANG_WARN_OBJC_LITERAL_CONVERSION = YES;
				CLANG_WARN_OBJC_ROOT_CLASS = YES_ERROR;
				CLANG_WARN_QUOTED_INCLUDE_IN_FRAMEWORK_HEADER = YES;
				CLANG_WARN_RANGE_LOOP_ANALYSIS = YES;
				CLANG_WARN_STRICT_PROTOTYPES = YES;
				CLANG_WARN_SUSPICIOUS_MOVE = YES;
				CLANG_WARN_UNGUARDED_AVAILABILITY = YES_AGGRESSIVE;
				CLANG_WARN_UNREACHABLE_CODE = YES;
				CLANG_WARN__DUPLICATE_METHOD_MATCH = YES;
				COPY_PHASE_STRIP = NO;
				DEBUG_INFORMATION_FORMAT = dwarf;
				ENABLE_STRICT_OBJC_MSGSEND = YES;
				ENABLE_TESTABILITY = YES;
				ENABLE_USER_SCRIPT_SANDBOXING = YES;
				GCC_C_LANGUAGE_STANDARD = gnu17;
				GCC_DYNAMIC_NO_PIC = NO;
				GCC_NO_COMMON_BLOCKS = YES;
				GCC_OPTIMIZATION_LEVEL = 0;
				GCC_PREPROCESSOR_DEFINITIONS = (
					"DEBUG=1",
					"$(inherited)",
				);
				GCC_WARN_64_TO_32_BIT_CONVERSION = YES;
				GCC_WARN_ABOUT_RETURN_TYPE = YES_ERROR;
				GCC_WARN_UNDECLARED_SELECTOR = YES;
				GCC_WARN_UNINITIALIZED_AUTOS = YES_AGGRESSIVE;
				GCC_WARN_UNUSED_FUNCTION = YES;
				GCC_WARN_UNUSED_VARIABLE = YES;
				IPHONEOS_DEPLOYMENT_TARGET = 17.2;
				LOCALIZATION_PREFERS_STRING_CATALOGS = YES;
				MTL_ENABLE_DEBUG_INFO = INCLUDE_SOURCE;
				MTL_FAST_MATH = YES;
				ONLY_ACTIVE_ARCH = YES;
				SDKROOT = iphoneos;
				SWIFT_ACTIVE_COMPILATION_CONDITIONS = "DEBUG $(inherited)";
				SWIFT_OPTIMIZATION_LEVEL = "-Onone";
			};
			name = Debug;
		};
		3014C71F2B7A76AF00038BC6 /* Release */ = {
			isa = XCBuildConfiguration;
			buildSettings = {
				ALWAYS_SEARCH_USER_PATHS = NO;
				ASSETCATALOG_COMPILER_GENERATE_SWIFT_ASSET_SYMBOL_EXTENSIONS = YES;
				CLANG_ANALYZER_NONNULL = YES;
				CLANG_ANALYZER_NUMBER_OBJECT_CONVERSION = YES_AGGRESSIVE;
				CLANG_CXX_LANGUAGE_STANDARD = "gnu++20";
				CLANG_ENABLE_MODULES = YES;
				CLANG_ENABLE_OBJC_ARC = YES;
				CLANG_ENABLE_OBJC_WEAK = YES;
				CLANG_WARN_BLOCK_CAPTURE_AUTORELEASING = YES;
				CLANG_WARN_BOOL_CONVERSION = YES;
				CLANG_WARN_COMMA = YES;
				CLANG_WARN_CONSTANT_CONVERSION = YES;
				CLANG_WARN_DEPRECATED_OBJC_IMPLEMENTATIONS = YES;
				CLANG_WARN_DIRECT_OBJC_ISA_USAGE = YES_ERROR;
				CLANG_WARN_DOCUMENTATION_COMMENTS = YES;
				CLANG_WARN_EMPTY_BODY = YES;
				CLANG_WARN_ENUM_CONVERSION = YES;
				CLANG_WARN_INFINITE_RECURSION = YES;
				CLANG_WARN_INT_CONVERSION = YES;
				CLANG_WARN_NON_LITERAL_NULL_CONVERSION = YES;
				CLANG_WARN_OBJC_IMPLICIT_RETAIN_SELF = YES;
				CLANG_WARN_OBJC_LITERAL_CONVERSION = YES;
				CLANG_WARN_OBJC_ROOT_CLASS = YES_ERROR;
				CLANG_WARN_QUOTED_INCLUDE_IN_FRAMEWORK_HEADER = YES;
				CLANG_WARN_RANGE_LOOP_ANALYSIS = YES;
				CLANG_WARN_STRICT_PROTOTYPES = YES;
				CLANG_WARN_SUSPICIOUS_MOVE = YES;
				CLANG_WARN_UNGUARDED_AVAILABILITY = YES_AGGRESSIVE;
				CLANG_WARN_UNREACHABLE_CODE = YES;
				CLANG_WARN__DUPLICATE_METHOD_MATCH = YES;
				COPY_PHASE_STRIP = NO;
				DEBUG_INFORMATION_FORMAT = "dwarf-with-dsym";
				ENABLE_NS_ASSERTIONS = NO;
				ENABLE_STRICT_OBJC_MSGSEND = YES;
				ENABLE_USER_SCRIPT_SANDBOXING = YES;
				GCC_C_LANGUAGE_STANDARD = gnu17;
				GCC_NO_COMMON_BLOCKS = YES;
				GCC_WARN_64_TO_32_BIT_CONVERSION = YES;
				GCC_WARN_ABOUT_RETURN_TYPE = YES_ERROR;
				GCC_WARN_UNDECLARED_SELECTOR = YES;
				GCC_WARN_UNINITIALIZED_AUTOS = YES_AGGRESSIVE;
				GCC_WARN_UNUSED_FUNCTION = YES;
				GCC_WARN_UNUSED_VARIABLE = YES;
				IPHONEOS_DEPLOYMENT_TARGET = 17.2;
				LOCALIZATION_PREFERS_STRING_CATALOGS = YES;
				MTL_ENABLE_DEBUG_INFO = NO;
				MTL_FAST_MATH = YES;
				SDKROOT = iphoneos;
				SWIFT_COMPILATION_MODE = wholemodule;
				VALIDATE_PRODUCT = YES;
			};
			name = Release;
		};
		3014C7212B7A76AF00038BC6 /* Debug */ = {
			isa = XCBuildConfiguration;
			buildSettings = {
				ASSETCATALOG_COMPILER_APPICON_NAME = "iMessage App Icon";
				CODE_SIGN_STYLE = Automatic;
				CURRENT_PROJECT_VERSION = 1;
				DEVELOPMENT_TEAM = 7AZ93CK4F6;
				GENERATE_INFOPLIST_FILE = YES;
				INFOPLIST_FILE = "SpeedPoll MessagesExtension/Info.plist";
				INFOPLIST_KEY_CFBundleDisplayName = SpeedPoll;
				INFOPLIST_KEY_NSHumanReadableCopyright = "";
				LD_RUNPATH_SEARCH_PATHS = (
					"$(inherited)",
					"@executable_path/Frameworks",
					"@executable_path/../../Frameworks",
				);
				MARKETING_VERSION = 1.0;
				PRODUCT_BUNDLE_IDENTIFIER = com.appiwedia.apps.SpeedPoll.MessagesExtension;
				PRODUCT_NAME = "$(TARGET_NAME)";
				SKIP_INSTALL = YES;
				SWIFT_EMIT_LOC_STRINGS = YES;
				SWIFT_VERSION = 5.0;
				TARGETED_DEVICE_FAMILY = "1,2";
			};
			name = Debug;
		};
		3014C7222B7A76AF00038BC6 /* Release */ = {
			isa = XCBuildConfiguration;
			buildSettings = {
				ASSETCATALOG_COMPILER_APPICON_NAME = "iMessage App Icon";
				CODE_SIGN_STYLE = Automatic;
				CURRENT_PROJECT_VERSION = 1;
				DEVELOPMENT_TEAM = 7AZ93CK4F6;
				GENERATE_INFOPLIST_FILE = YES;
				INFOPLIST_FILE = "SpeedPoll MessagesExtension/Info.plist";
				INFOPLIST_KEY_CFBundleDisplayName = SpeedPoll;
				INFOPLIST_KEY_NSHumanReadableCopyright = "";
				LD_RUNPATH_SEARCH_PATHS = (
					"$(inherited)",
					"@executable_path/Frameworks",
					"@executable_path/../../Frameworks",
				);
				MARKETING_VERSION = 1.0;
				PRODUCT_BUNDLE_IDENTIFIER = com.appiwedia.apps.SpeedPoll.MessagesExtension;
				PRODUCT_NAME = "$(TARGET_NAME)";
				SKIP_INSTALL = YES;
				SWIFT_EMIT_LOC_STRINGS = YES;
				SWIFT_VERSION = 5.0;
				TARGETED_DEVICE_FAMILY = "1,2";
			};
			name = Release;
		};
		3014C7252B7A76AF00038BC6 /* Debug */ = {
			isa = XCBuildConfiguration;
			buildSettings = {
				ALWAYS_EMBED_SWIFT_STANDARD_LIBRARIES = YES;
				ASSETCATALOG_COMPILER_APPICON_NAME = AppIcon;
				CODE_SIGN_STYLE = Automatic;
				CURRENT_PROJECT_VERSION = 1;
				DEVELOPMENT_TEAM = 7AZ93CK4F6;
				GENERATE_INFOPLIST_FILE = YES;
				INFOPLIST_KEY_UILaunchStoryboardName = LaunchScreen;
				INFOPLIST_KEY_UISupportedInterfaceOrientations_iPad = "UIInterfaceOrientationPortrait UIInterfaceOrientationPortraitUpsideDown UIInterfaceOrientationLandscapeLeft UIInterfaceOrientationLandscapeRight";
				INFOPLIST_KEY_UISupportedInterfaceOrientations_iPhone = "UIInterfaceOrientationPortrait UIInterfaceOrientationLandscapeLeft UIInterfaceOrientationLandscapeRight";
				MARKETING_VERSION = 1.0;
				PRODUCT_BUNDLE_IDENTIFIER = com.appiwedia.apps.SpeedPoll;
				PRODUCT_NAME = "$(TARGET_NAME)";
				SWIFT_EMIT_LOC_STRINGS = YES;
				SWIFT_VERSION = 5.0;
				TARGETED_DEVICE_FAMILY = "1,2";
			};
			name = Debug;
		};
		3014C7262B7A76AF00038BC6 /* Release */ = {
			isa = XCBuildConfiguration;
			buildSettings = {
				ALWAYS_EMBED_SWIFT_STANDARD_LIBRARIES = YES;
				ASSETCATALOG_COMPILER_APPICON_NAME = AppIcon;
				CODE_SIGN_STYLE = Automatic;
				CURRENT_PROJECT_VERSION = 1;
				DEVELOPMENT_TEAM = 7AZ93CK4F6;
				GENERATE_INFOPLIST_FILE = YES;
				INFOPLIST_KEY_UILaunchStoryboardName = LaunchScreen;
				INFOPLIST_KEY_UISupportedInterfaceOrientations_iPad = "UIInterfaceOrientationPortrait UIInterfaceOrientationPortraitUpsideDown UIInterfaceOrientationLandscapeLeft UIInterfaceOrientationLandscapeRight";
				INFOPLIST_KEY_UISupportedInterfaceOrientations_iPhone = "UIInterfaceOrientationPortrait UIInterfaceOrientationLandscapeLeft UIInterfaceOrientationLandscapeRight";
				MARKETING_VERSION = 1.0;
				PRODUCT_BUNDLE_IDENTIFIER = com.appiwedia.apps.SpeedPoll;
				PRODUCT_NAME = "$(TARGET_NAME)";
				SWIFT_EMIT_LOC_STRINGS = YES;
				SWIFT_VERSION = 5.0;
				TARGETED_DEVICE_FAMILY = "1,2";
			};
			name = Release;
		};
/* End XCBuildConfiguration section */

/* Begin XCConfigurationList section */
		3014C7022B7A76AC00038BC6 /* Build configuration list for PBXProject "SpeedPoll" */ = {
			isa = XCConfigurationList;
			buildConfigurations = (
				3014C71E2B7A76AF00038BC6 /* Debug */,
				3014C71F2B7A76AF00038BC6 /* Release */,
			);
			defaultConfigurationIsVisible = 0;
			defaultConfigurationName = Release;
		};
		3014C7202B7A76AF00038BC6 /* Build configuration list for PBXNativeTarget "SpeedPoll MessagesExtension" */ = {
			isa = XCConfigurationList;
			buildConfigurations = (
				3014C7212B7A76AF00038BC6 /* Debug */,
				3014C7222B7A76AF00038BC6 /* Release */,
			);
			defaultConfigurationIsVisible = 0;
			defaultConfigurationName = Release;
		};
		3014C7242B7A76AF00038BC6 /* Build configuration list for PBXNativeTarget "SpeedPoll" */ = {
			isa = XCConfigurationList;
			buildConfigurations = (
				3014C7252B7A76AF00038BC6 /* Debug */,
				3014C7262B7A76AF00038BC6 /* Release */,
			);
			defaultConfigurationIsVisible = 0;
			defaultConfigurationName = Release;
		};
/* End XCConfigurationList section */
	};
	rootObject = 3014C6FF2B7A76AC00038BC6 /* Project object */;
}
